
Microsoft Visual Studio Solution File, Format Version 12.00
# Visual Studio Version 16
VisualStudioVersion = 16.0.31911.196
MinimumVisualStudioVersion = 10.0.40219.1
Project("{FAE04EC0-301F-11D3-BF4B-00C04F79EFBC}") = "RestaurantTP", "RestaurantTP.csproj", "{372D88C6-D761-4521-83F9-040AF9A2C35D}"
EndProject
Project("{FAE04EC0-301F-11D3-BF4B-00C04F79EFBC}") = "RestaurantTPTest", "..\RestaurantTPTest\RestaurantTPTest.csproj", "{3F47D7A3-5D53-4355-9A3E-5C8C40061B03}"
EndProject
Global
	GlobalSection(SolutionConfigurationPlatforms) = preSolution
		Debug|Any CPU = Debug|Any CPU
		Release|Any CPU = Release|Any CPU
	EndGlobalSection
	GlobalSection(ProjectConfigurationPlatforms) = postSolution
		{372D88C6-D761-4521-83F9-040AF9A2C35D}.Debug|Any CPU.ActiveCfg = Debug|Any CPU
		{372D88C6-D761-4521-83F9-040AF9A2C35D}.Debug|Any CPU.Build.0 = Debug|Any CPU
		{372D88C6-D761-4521-83F9-040AF9A2C35D}.Release|Any CPU.ActiveCfg = Release|Any CPU
		{372D88C6-D761-4521-83F9-040AF9A2C35D}.Release|Any CPU.Build.0 = Release|Any CPU
		{3F47D7A3-5D53-4355-9A3E-5C8C40061B03}.Debug|Any CPU.ActiveCfg = Debug|Any CPU
		{3F47D7A3-5D53-4355-9A3E-5C8C40061B03}.Debug|Any CPU.Build.0 = Debug|Any CPU
		{3F47D7A3-5D53-4355-9A3E-5C8C40061B03}.Release|Any CPU.ActiveCfg = Release|Any CPU
		{3F47D7A3-5D53-4355-9A3E-5C8C40061B03}.Release|Any CPU.Build.0 = Release|Any CPU
	EndGlobalSection
	GlobalSection(SolutionProperties) = preSolution
		HideSolutionNode = FALSE
	EndGlobalSection
	GlobalSection(ExtensibilityGlobals) = postSolution
		SolutionGuid = {F242498E-68B8-424E-9F6A-EA666F92DA49}
	EndGlobalSection
EndGlobal
